Microsoft Visual Studio Solution File, Format Version 8.00
Project("{8BC9CEB8-8B4A-11D0-8D11-00A0C91BC942}") = "KabalaEngine", "KabalaEngine.vcproj", "{9E95552C-9BA0-4635-B442-37576F8D3249}"
	ProjectSection(ProjectDependencies) = postProject
	EndProjectSection
EndProject
Project("{8BC9CEB8-8B4A-11D0-8D11-00A0C91BC942}") = "KabalaEngineData", "KabalaEngineData.vcproj", "{FED91768-3C2E-4076-9D37-09448852C9C2}"
	ProjectSection(ProjectDependencies) = postProject
	EndProjectSection
EndProject
Global
	GlobalSection(SolutionConfiguration) = preSolution
		Debug = Debug
		Release = Release
	EndGlobalSection
	GlobalSection(ProjectConfiguration) = postSolution
		{9E95552C-9BA0-4635-B442-37576F8D3249}.Debug.ActiveCfg = Debug|Win32
		{9E95552C-9BA0-4635-B442-37576F8D3249}.Debug.Build.0 = Debug|Win32
		{9E95552C-9BA0-4635-B442-37576F8D3249}.Release.ActiveCfg = Release|Win32
		{9E95552C-9BA0-4635-B442-37576F8D3249}.Release.Build.0 = Release|Win32
		{FED91768-3C2E-4076-9D37-09448852C9C2}.Debug.ActiveCfg = Debug|Win32
		{FED91768-3C2E-4076-9D37-09448852C9C2}.Debug.Build.0 = Debug|Win32
		{FED91768-3C2E-4076-9D37-09448852C9C2}.Release.ActiveCfg = Release|Win32
		{FED91768-3C2E-4076-9D37-09448852C9C2}.Release.Build.0 = Release|Win32
	EndGlobalSection
	GlobalSection(ExtensibilityGlobals) = postSolution
	EndGlobalSection
	GlobalSection(ExtensibilityAddIns) = postSolution
	EndGlobalSection
EndGlobal
