
Microsoft Visual Studio Solution File, Format Version 10.00
# Visual Studio 2008
Project("{8BC9CEB8-8B4A-11D0-8D11-00A0C91BC942}") = "KabalaEngine", "KabalaEngine.vcproj", "{9E95552C-9BA0-4635-B442-37576F8D3249}"
EndProject
Project("{8BC9CEB8-8B4A-11D0-8D11-00A0C91BC942}") = "KabalaEngineData", "KabalaEngineData.vcproj", "{FED91768-3C2E-4076-9D37-09448852C9C2}"
EndProject
Global
	GlobalSection(SolutionConfigurationPlatforms) = preSolution
		Debug|Win32 = Debug|Win32
		Release|Win32 = Release|Win32
	EndGlobalSection
	GlobalSection(ProjectConfigurationPlatforms) = postSolution
		{9E95552C-9BA0-4635-B442-37576F8D3249}.Debug|Win32.ActiveCfg = Debug|Win32
		{9E95552C-9BA0-4635-B442-37576F8D3249}.Debug|Win32.Build.0 = Debug|Win32
		{9E95552C-9BA0-4635-B442-37576F8D3249}.Release|Win32.ActiveCfg = Release|Win32
		{9E95552C-9BA0-4635-B442-37576F8D3249}.Release|Win32.Build.0 = Release|Win32
		{FED91768-3C2E-4076-9D37-09448852C9C2}.Debug|Win32.ActiveCfg = Debug|Win32
		{FED91768-3C2E-4076-9D37-09448852C9C2}.Debug|Win32.Build.0 = Debug|Win32
		{FED91768-3C2E-4076-9D37-09448852C9C2}.Release|Win32.ActiveCfg = Release|Win32
		{FED91768-3C2E-4076-9D37-09448852C9C2}.Release|Win32.Build.0 = Release|Win32
	EndGlobalSection
	GlobalSection(SolutionProperties) = preSolution
		HideSolutionNode = FALSE
	EndGlobalSection
EndGlobal
